
Microsoft Visual Studio Solution File, Format Version 12.00
# Visual Studio Version 16
VisualStudioVersion = 16.0.30011.22
MinimumVisualStudioVersion = 10.0.40219.1
Project("{FAE04EC0-301F-11D3-BF4B-00C04F79EFBC}") = "02.SimpleWebServer", "02.SimpleWebServer\02.SimpleWebServer.csproj", "{C3B77686-8256-4F8F-BC30-411D83C62913}"
EndProject
Global
	GlobalSection(SolutionConfigurationPlatforms) = preSolution
		Debug|Any CPU = Debug|Any CPU
		Release|Any CPU = Release|Any CPU
	EndGlobalSection
	GlobalSection(ProjectConfigurationPlatforms) = postSolution
		{C3B77686-8256-4F8F-BC30-411D83C62913}.Debug|Any CPU.ActiveCfg = Debug|Any CPU
		{C3B77686-8256-4F8F-BC30-411D83C62913}.Debug|Any CPU.Build.0 = Debug|Any CPU
		{C3B77686-8256-4F8F-BC30-411D83C62913}.Release|Any CPU.ActiveCfg = Release|Any CPU
		{C3B77686-8256-4F8F-BC30-411D83C62913}.Release|Any CPU.Build.0 = Release|Any CPU
	EndGlobalSection
	GlobalSection(SolutionProperties) = preSolution
		HideSolutionNode = FALSE
	EndGlobalSection
	GlobalSection(ExtensibilityGlobals) = postSolution
		SolutionGuid = {895203F9-CBC6-417D-A14A-D3C26B0F3C36}
	EndGlobalSection
EndGlobal
